<?xml version="1.0" encoding="utf-8"?>
<Project ToolsVersion="4.0" xmlns="http://schemas.microsoft.com/developer/msbuild/2003">
  <ItemGroup>
    <Filter Include="Source Files">
      <UniqueIdentifier>{4FC737F1-C7A5-4376-A066-2A32D752A2FF}</UniqueIdentifier>
      <Extensions>cpp;c;cc;cxx;c++;cppm;ixx;def;odl;idl;hpj;bat;asm;asmx</Extensions>
    </Filter>
    <Filter Include="Header Files">
      <UniqueIdentifier>{93995380-89BD-4b04-88EB-625FBE52EBFB}</UniqueIdentifier>
      <Extensions>h;hh;hpp;hxx;h++;hm;inl;inc;ipp;xsd</Extensions>
    </Filter>
    <Filter Include="Resource Files">
      <UniqueIdentifier>{67DA6AB6-F800-4c08-8B7A-83BB121AAD01}</UniqueIdentifier>
      <Extensions>rc;ico;cur;bmp;dlg;rc2;rct;bin;rgs;gif;jpg;jpeg;jpe;resx;tiff;tif;png;wav;mfcribbon-ms</Extensions>
    </Filter>
  </ItemGroup>
  <ItemGroup>
    <ClCompile Include="main.cpp">
      <Filter>Source Files</Filter>
    </ClCompile>
    <ClCompile Include="Game.cpp">
      <Filter>Source Files</Filter>
    </ClCompile>
    <ClCompile Include="TextureManager.cpp">
      <Filter>Source Files</Filter>
    </ClCompile>
    <ClCompile Include="GameObject.cpp">
      <Filter>Source Files</Filter>
    </ClCompile>
    <ClCompile Include="Map.cpp">
      <Filter>Source Files</Filter>
    </ClCompile>
    <ClCompile Include="Component.cpp">
      <Filter>Source Files</Filter>
    </ClCompile>
    <ClCompile Include="Entity.cpp">
      <Filter>Source Files</Filter>
    </ClCompile>
    <ClCompile Include="ComponentManager.cpp">
      <Filter>Source Files</Filter>
    </ClCompile>
    <ClCompile Include="SpriteComponent.cpp">
      <Filter>Source Files</Filter>
    </ClCompile>
    <ClCompile Include="Vector2D.cpp">
      <Filter>Source Files</Filter>
    </ClCompile>
    <ClCompile Include="TransformComponent.cpp">
      <Filter>Source Files</Filter>
    </ClCompile>
    <ClCompile Include="KeyboardController.cpp">
      <Filter>Source Files</Filter>
    </ClCompile>
    <ClCompile Include="ColliderComponent.cpp">
      <Filter>Source Files</Filter>
    </ClCompile>
    <ClCompile Include="Collision.cpp">
      <Filter>Source Files</Filter>
    </ClCompile>
    <ClCompile Include="TileComponent.cpp">
      <Filter>Source Files</Filter>
    </ClCompile>
  </ItemGroup>
  <ItemGroup>
    <ClInclude Include="Game.hpp">
      <Filter>Header Files</Filter>
    </ClInclude>
    <ClInclude Include="TextureManager.hpp">
      <Filter>Header Files</Filter>
    </ClInclude>
    <ClInclude Include="destroyers.hpp">
      <Filter>Header Files</Filter>
    </ClInclude>
    <ClInclude Include="GameObject.hpp">
      <Filter>Header Files</Filter>
    </ClInclude>
    <ClInclude Include="Map.hpp">
      <Filter>Header Files</Filter>
    </ClInclude>
    <ClInclude Include="Component.hpp">
      <Filter>Header Files</Filter>
    </ClInclude>
    <ClInclude Include="Entity.hpp">
      <Filter>Header Files</Filter>
    </ClInclude>
    <ClInclude Include="ComponentManager.hpp">
      <Filter>Header Files</Filter>
    </ClInclude>
    <ClInclude Include="SpriteComponent.hpp">
      <Filter>Header Files</Filter>
    </ClInclude>
    <ClInclude Include="Vector2D.hpp">
      <Filter>Header Files</Filter>
    </ClInclude>
    <ClInclude Include="TransformComponent.hpp">
      <Filter>Header Files</Filter>
    </ClInclude>
    <ClInclude Include="KeyboardController.hpp">
      <Filter>Header Files</Filter>
    </ClInclude>
    <ClInclude Include="ECS.hpp">
      <Filter>Header Files</Filter>
    </ClInclude>
    <ClInclude Include="ColliderComponent.hpp">
      <Filter>Header Files</Filter>
    </ClInclude>
    <ClInclude Include="Collision.hpp">
      <Filter>Header Files</Filter>
    </ClInclude>
    <ClInclude Include="TileComponent.hpp">
      <Filter>Header Files</Filter>
    </ClInclude>
    <ClInclude Include="EnablePolymorphicShared.hpp">
      <Filter>Header Files</Filter>
    </ClInclude>
  </ItemGroup>
  <ItemGroup>
    <Image Include="assets\scientist.png">
      <Filter>Resource Files</Filter>
    </Image>
    <Image Include="assets\dirt.png">
      <Filter>Resource Files</Filter>
    </Image>
    <Image Include="assets\grass.png">
      <Filter>Resource Files</Filter>
    </Image>
    <Image Include="assets\tileset.png">
      <Filter>Resource Files</Filter>
    </Image>
    <Image Include="assets\water.png">
      <Filter>Resource Files</Filter>
    </Image>
  </ItemGroup>
  <ItemGroup>
    <None Include="Entity.tcc">
      <Filter>Source Files</Filter>
    </None>
  </ItemGroup>
</Project>